
Microsoft Visual Studio Solution File, Format Version 12.00
Project("{FAE04EC0-301F-11D3-BF4B-00C04F79EFBC}") = "CurrencyCalculator", "CurrencyCalculator\CurrencyCalculator.csproj", "{B8C5DFFB-3CCD-49A3-A662-40A7B8A65EFE}"
EndProject
Global
	GlobalSection(SolutionConfigurationPlatforms) = preSolution
		Debug|Any CPU = Debug|Any CPU
		Release|Any CPU = Release|Any CPU
	EndGlobalSection
	GlobalSection(ProjectConfigurationPlatforms) = postSolution
		{B8C5DFFB-3CCD-49A3-A662-40A7B8A65EFE}.Debug|Any CPU.ActiveCfg = Debug|Any CPU
		{B8C5DFFB-3CCD-49A3-A662-40A7B8A65EFE}.Debug|Any CPU.Build.0 = Debug|Any CPU
		{B8C5DFFB-3CCD-49A3-A662-40A7B8A65EFE}.Release|Any CPU.ActiveCfg = Release|Any CPU
		{B8C5DFFB-3CCD-49A3-A662-40A7B8A65EFE}.Release|Any CPU.Build.0 = Release|Any CPU
	EndGlobalSection
EndGlobal
